
Microsoft Visual Studio Solution File, Format Version 12.00
# Visual Studio Version 16
VisualStudioVersion = 16.0.29613.14
MinimumVisualStudioVersion = 10.0.40219.1
Project("{2150E333-8FDC-42A3-9474-1A3956D46DE8}") = "Data", "Data", "{5A8C1C8F-D199-4FDF-900A-365E04321164}"
EndProject
Project("{FAE04EC0-301F-11D3-BF4B-00C04F79EFBC}") = "CarsInfo.ConsoleApp", "CarsInfo.ConsoleApp\CarsInfo.ConsoleApp.csproj", "{A9A1A2DF-2952-4896-9356-DF9DDEF536EA}"
EndProject
Project("{FAE04EC0-301F-11D3-BF4B-00C04F79EFBC}") = "CarsInfo.Data", "Data\CarsInfo.Data\CarsInfo.Data.csproj", "{50FD1ADB-92F7-4466-9384-BAF662DB8C98}"
EndProject
Project("{FAE04EC0-301F-11D3-BF4B-00C04F79EFBC}") = "CarsInfo.Data.Models", "Data\CarsInfo.Data.Models\CarsInfo.Data.Models.csproj", "{9B375DDC-075D-465E-9FC4-FEEADF608C71}"
EndProject
Project("{2150E333-8FDC-42A3-9474-1A3956D46DE8}") = "Services", "Services", "{4F99F8E1-DF68-4511-A0E1-4AB971791B13}"
EndProject
Project("{FAE04EC0-301F-11D3-BF4B-00C04F79EFBC}") = "CarsInfo.Services", "Services\CarsInfo.Services\CarsInfo.Services.csproj", "{E6917C01-EB94-4941-849B-BFA5C23876CC}"
EndProject
Project("{FAE04EC0-301F-11D3-BF4B-00C04F79EFBC}") = "CarsInfo.Services.Models", "Services\CarsInfo.Services.Models\CarsInfo.Services.Models.csproj", "{A5C4B41F-DC3E-419E-8FB6-453B634E964A}"
EndProject
Global
	GlobalSection(SolutionConfigurationPlatforms) = preSolution
		Debug|Any CPU = Debug|Any CPU
		Release|Any CPU = Release|Any CPU
	EndGlobalSection
	GlobalSection(ProjectConfigurationPlatforms) = postSolution
		{A9A1A2DF-2952-4896-9356-DF9DDEF536EA}.Debug|Any CPU.ActiveCfg = Debug|Any CPU
		{A9A1A2DF-2952-4896-9356-DF9DDEF536EA}.Debug|Any CPU.Build.0 = Debug|Any CPU
		{A9A1A2DF-2952-4896-9356-DF9DDEF536EA}.Release|Any CPU.ActiveCfg = Release|Any CPU
		{A9A1A2DF-2952-4896-9356-DF9DDEF536EA}.Release|Any CPU.Build.0 = Release|Any CPU
		{50FD1ADB-92F7-4466-9384-BAF662DB8C98}.Debug|Any CPU.ActiveCfg = Debug|Any CPU
		{50FD1ADB-92F7-4466-9384-BAF662DB8C98}.Debug|Any CPU.Build.0 = Debug|Any CPU
		{50FD1ADB-92F7-4466-9384-BAF662DB8C98}.Release|Any CPU.ActiveCfg = Release|Any CPU
		{50FD1ADB-92F7-4466-9384-BAF662DB8C98}.Release|Any CPU.Build.0 = Release|Any CPU
		{9B375DDC-075D-465E-9FC4-FEEADF608C71}.Debug|Any CPU.ActiveCfg = Debug|Any CPU
		{9B375DDC-075D-465E-9FC4-FEEADF608C71}.Debug|Any CPU.Build.0 = Debug|Any CPU
		{9B375DDC-075D-465E-9FC4-FEEADF608C71}.Release|Any CPU.ActiveCfg = Release|Any CPU
		{9B375DDC-075D-465E-9FC4-FEEADF608C71}.Release|Any CPU.Build.0 = Release|Any CPU
		{E6917C01-EB94-4941-849B-BFA5C23876CC}.Debug|Any CPU.ActiveCfg = Debug|Any CPU
		{E6917C01-EB94-4941-849B-BFA5C23876CC}.Debug|Any CPU.Build.0 = Debug|Any CPU
		{E6917C01-EB94-4941-849B-BFA5C23876CC}.Release|Any CPU.ActiveCfg = Release|Any CPU
		{E6917C01-EB94-4941-849B-BFA5C23876CC}.Release|Any CPU.Build.0 = Release|Any CPU
		{A5C4B41F-DC3E-419E-8FB6-453B634E964A}.Debug|Any CPU.ActiveCfg = Debug|Any CPU
		{A5C4B41F-DC3E-419E-8FB6-453B634E964A}.Debug|Any CPU.Build.0 = Debug|Any CPU
		{A5C4B41F-DC3E-419E-8FB6-453B634E964A}.Release|Any CPU.ActiveCfg = Release|Any CPU
		{A5C4B41F-DC3E-419E-8FB6-453B634E964A}.Release|Any CPU.Build.0 = Release|Any CPU
	EndGlobalSection
	GlobalSection(SolutionProperties) = preSolution
		HideSolutionNode = FALSE
	EndGlobalSection
	GlobalSection(NestedProjects) = preSolution
		{50FD1ADB-92F7-4466-9384-BAF662DB8C98} = {5A8C1C8F-D199-4FDF-900A-365E04321164}
		{9B375DDC-075D-465E-9FC4-FEEADF608C71} = {5A8C1C8F-D199-4FDF-900A-365E04321164}
		{E6917C01-EB94-4941-849B-BFA5C23876CC} = {4F99F8E1-DF68-4511-A0E1-4AB971791B13}
		{A5C4B41F-DC3E-419E-8FB6-453B634E964A} = {4F99F8E1-DF68-4511-A0E1-4AB971791B13}
	EndGlobalSection
	GlobalSection(ExtensibilityGlobals) = postSolution
		SolutionGuid = {7781C421-7E1C-4195-8845-8F5611FF6D5A}
	EndGlobalSection
EndGlobal
