
Microsoft Visual Studio Solution File, Format Version 12.00
# Visual Studio Version 16
VisualStudioVersion = 16.0.29613.14
MinimumVisualStudioVersion = 10.0.40219.1
Project("{9A19103F-16F7-4668-BE54-9A1E7A4F7556}") = "SIS.HTTP", "SIS.HTTP.csproj", "{D9A16FBA-AD49-45ED-8105-E89F930C3372}"
EndProject
Project("{9A19103F-16F7-4668-BE54-9A1E7A4F7556}") = "SIS.WebServer", "..\SIS.WebServer\SIS.WebServer.csproj", "{F955C837-5A64-47F2-8DBA-57A6715E0448}"
EndProject
Project("{FAE04EC0-301F-11D3-BF4B-00C04F79EFBC}") = "Demo.App", "..\Demo.App\Demo.App.csproj", "{CA47F7BE-CB7B-43F2-888A-185BC6A1F56D}"
EndProject
Global
	GlobalSection(SolutionConfigurationPlatforms) = preSolution
		Debug|Any CPU = Debug|Any CPU
		Release|Any CPU = Release|Any CPU
	EndGlobalSection
	GlobalSection(ProjectConfigurationPlatforms) = postSolution
		{D9A16FBA-AD49-45ED-8105-E89F930C3372}.Debug|Any CPU.ActiveCfg = Debug|Any CPU
		{D9A16FBA-AD49-45ED-8105-E89F930C3372}.Debug|Any CPU.Build.0 = Debug|Any CPU
		{D9A16FBA-AD49-45ED-8105-E89F930C3372}.Release|Any CPU.ActiveCfg = Release|Any CPU
		{D9A16FBA-AD49-45ED-8105-E89F930C3372}.Release|Any CPU.Build.0 = Release|Any CPU
		{F955C837-5A64-47F2-8DBA-57A6715E0448}.Debug|Any CPU.ActiveCfg = Debug|Any CPU
		{F955C837-5A64-47F2-8DBA-57A6715E0448}.Debug|Any CPU.Build.0 = Debug|Any CPU
		{F955C837-5A64-47F2-8DBA-57A6715E0448}.Release|Any CPU.ActiveCfg = Release|Any CPU
		{F955C837-5A64-47F2-8DBA-57A6715E0448}.Release|Any CPU.Build.0 = Release|Any CPU
		{CA47F7BE-CB7B-43F2-888A-185BC6A1F56D}.Debug|Any CPU.ActiveCfg = Debug|Any CPU
		{CA47F7BE-CB7B-43F2-888A-185BC6A1F56D}.Debug|Any CPU.Build.0 = Debug|Any CPU
		{CA47F7BE-CB7B-43F2-888A-185BC6A1F56D}.Release|Any CPU.ActiveCfg = Release|Any CPU
		{CA47F7BE-CB7B-43F2-888A-185BC6A1F56D}.Release|Any CPU.Build.0 = Release|Any CPU
	EndGlobalSection
	GlobalSection(SolutionProperties) = preSolution
		HideSolutionNode = FALSE
	EndGlobalSection
	GlobalSection(ExtensibilityGlobals) = postSolution
		SolutionGuid = {2889EEF1-B231-46DF-8BBB-3BDC89C42853}
	EndGlobalSection
EndGlobal
