
Microsoft Visual Studio Solution File, Format Version 12.00
# Visual Studio Version 16
VisualStudioVersion = 16.0.29613.14
MinimumVisualStudioVersion = 10.0.40219.1
Project("{FAE04EC0-301F-11D3-BF4B-00C04F79EFBC}") = "HttpServer", "HttpServer.csproj", "{EB23EFB7-5BE3-4F3A-A081-A2201ED291F6}"
EndProject
Global
	GlobalSection(SolutionConfigurationPlatforms) = preSolution
		Debug|Any CPU = Debug|Any CPU
		Release|Any CPU = Release|Any CPU
	EndGlobalSection
	GlobalSection(ProjectConfigurationPlatforms) = postSolution
		{EB23EFB7-5BE3-4F3A-A081-A2201ED291F6}.Debug|Any CPU.ActiveCfg = Debug|Any CPU
		{EB23EFB7-5BE3-4F3A-A081-A2201ED291F6}.Debug|Any CPU.Build.0 = Debug|Any CPU
		{EB23EFB7-5BE3-4F3A-A081-A2201ED291F6}.Release|Any CPU.ActiveCfg = Release|Any CPU
		{EB23EFB7-5BE3-4F3A-A081-A2201ED291F6}.Release|Any CPU.Build.0 = Release|Any CPU
	EndGlobalSection
	GlobalSection(SolutionProperties) = preSolution
		HideSolutionNode = FALSE
	EndGlobalSection
	GlobalSection(ExtensibilityGlobals) = postSolution
		SolutionGuid = {07A4CE0A-2836-46C5-98D7-1487004925EB}
	EndGlobalSection
EndGlobal
